
Microsoft Visual Studio Solution File, Format Version 12.00
# Visual Studio 15
VisualStudioVersion = 15.0.26228.12
MinimumVisualStudioVersion = 10.0.40219.1
Project("{FAE04EC0-301F-11D3-BF4B-00C04F79EFBC}") = "App2.Android", "App2\App2.Android\App2.Android.csproj", "{6A6F712F-95B4-4F3B-B730-06404A9AF213}"
EndProject
Project("{FAE04EC0-301F-11D3-BF4B-00C04F79EFBC}") = "App2", "App2\App2\App2.csproj", "{EB173D96-76C4-44AB-8831-DE0402A595C3}"
EndProject
Project("{FAE04EC0-301F-11D3-BF4B-00C04F79EFBC}") = "App2.iOS", "App2\App2.iOS\App2.iOS.csproj", "{0E453AC0-2F12-422C-90CD-CE25C0C4E633}"
EndProject
Global
	GlobalSection(SolutionConfigurationPlatforms) = preSolution
		Ad-Hoc|Any CPU = Ad-Hoc|Any CPU
		Ad-Hoc|iPhone = Ad-Hoc|iPhone
		Ad-Hoc|iPhoneSimulator = Ad-Hoc|iPhoneSimulator
		AppStore|Any CPU = AppStore|Any CPU
		AppStore|iPhone = AppStore|iPhone
		AppStore|iPhoneSimulator = AppStore|iPhoneSimulator
		Debug|Any CPU = Debug|Any CPU
		Debug|iPhone = Debug|iPhone
		Debug|iPhoneSimulator = Debug|iPhoneSimulator
		Release|Any CPU = Release|Any CPU
		Release|iPhone = Release|iPhone
		Release|iPhoneSimulator = Release|iPhoneSimulator
	EndGlobalSection
	GlobalSection(ProjectConfigurationPlatforms) = postSolution
		{6A6F712F-95B4-4F3B-B730-06404A9AF213}.Ad-Hoc|Any CPU.ActiveCfg = Release|Any CPU
		{6A6F712F-95B4-4F3B-B730-06404A9AF213}.Ad-Hoc|Any CPU.Build.0 = Release|Any CPU
		{6A6F712F-95B4-4F3B-B730-06404A9AF213}.Ad-Hoc|Any CPU.Deploy.0 = Release|Any CPU
		{6A6F712F-95B4-4F3B-B730-06404A9AF213}.Ad-Hoc|iPhone.ActiveCfg = Release|Any CPU
		{6A6F712F-95B4-4F3B-B730-06404A9AF213}.Ad-Hoc|iPhone.Build.0 = Release|Any CPU
		{6A6F712F-95B4-4F3B-B730-06404A9AF213}.Ad-Hoc|iPhone.Deploy.0 = Release|Any CPU
		{6A6F712F-95B4-4F3B-B730-06404A9AF213}.Ad-Hoc|iPhoneSimulator.ActiveCfg = Release|Any CPU
		{6A6F712F-95B4-4F3B-B730-06404A9AF213}.Ad-Hoc|iPhoneSimulator.Build.0 = Release|Any CPU
		{6A6F712F-95B4-4F3B-B730-06404A9AF213}.Ad-Hoc|iPhoneSimulator.Deploy.0 = Release|Any CPU
		{6A6F712F-95B4-4F3B-B730-06404A9AF213}.AppStore|Any CPU.ActiveCfg = Release|Any CPU
		{6A6F712F-95B4-4F3B-B730-06404A9AF213}.AppStore|Any CPU.Build.0 = Release|Any CPU
		{6A6F712F-95B4-4F3B-B730-06404A9AF213}.AppStore|Any CPU.Deploy.0 = Release|Any CPU
		{6A6F712F-95B4-4F3B-B730-06404A9AF213}.AppStore|iPhone.ActiveCfg = Release|Any CPU
		{6A6F712F-95B4-4F3B-B730-06404A9AF213}.AppStore|iPhone.Build.0 = Release|Any CPU
		{6A6F712F-95B4-4F3B-B730-06404A9AF213}.AppStore|iPhone.Deploy.0 = Release|Any CPU
		{6A6F712F-95B4-4F3B-B730-06404A9AF213}.AppStore|iPhoneSimulator.ActiveCfg = Release|Any CPU
		{6A6F712F-95B4-4F3B-B730-06404A9AF213}.AppStore|iPhoneSimulator.Build.0 = Release|Any CPU
		{6A6F712F-95B4-4F3B-B730-06404A9AF213}.AppStore|iPhoneSimulator.Deploy.0 = Release|Any CPU
		{6A6F712F-95B4-4F3B-B730-06404A9AF213}.Debug|Any CPU.ActiveCfg = Debug|Any CPU
		{6A6F712F-95B4-4F3B-B730-06404A9AF213}.Debug|Any CPU.Build.0 = Debug|Any CPU
		{6A6F712F-95B4-4F3B-B730-06404A9AF213}.Debug|Any CPU.Deploy.0 = Debug|Any CPU
		{6A6F712F-95B4-4F3B-B730-06404A9AF213}.Debug|iPhone.ActiveCfg = Debug|Any CPU
		{6A6F712F-95B4-4F3B-B730-06404A9AF213}.Debug|iPhone.Build.0 = Debug|Any CPU
		{6A6F712F-95B4-4F3B-B730-06404A9AF213}.Debug|iPhone.Deploy.0 = Debug|Any CPU
		{6A6F712F-95B4-4F3B-B730-06404A9AF213}.Debug|iPhoneSimulator.ActiveCfg = Debug|Any CPU
		{6A6F712F-95B4-4F3B-B730-06404A9AF213}.Debug|iPhoneSimulator.Build.0 = Debug|Any CPU
		{6A6F712F-95B4-4F3B-B730-06404A9AF213}.Debug|iPhoneSimulator.Deploy.0 = Debug|Any CPU
		{6A6F712F-95B4-4F3B-B730-06404A9AF213}.Release|Any CPU.ActiveCfg = Release|Any CPU
		{6A6F712F-95B4-4F3B-B730-06404A9AF213}.Release|Any CPU.Build.0 = Release|Any CPU
		{6A6F712F-95B4-4F3B-B730-06404A9AF213}.Release|Any CPU.Deploy.0 = Release|Any CPU
		{6A6F712F-95B4-4F3B-B730-06404A9AF213}.Release|iPhone.ActiveCfg = Release|Any CPU
		{6A6F712F-95B4-4F3B-B730-06404A9AF213}.Release|iPhone.Build.0 = Release|Any CPU
		{6A6F712F-95B4-4F3B-B730-06404A9AF213}.Release|iPhone.Deploy.0 = Release|Any CPU
		{6A6F712F-95B4-4F3B-B730-06404A9AF213}.Release|iPhoneSimulator.ActiveCfg = Release|Any CPU
		{6A6F712F-95B4-4F3B-B730-06404A9AF213}.Release|iPhoneSimulator.Build.0 = Release|Any CPU
		{6A6F712F-95B4-4F3B-B730-06404A9AF213}.Release|iPhoneSimulator.Deploy.0 = Release|Any CPU
		{EB173D96-76C4-44AB-8831-DE0402A595C3}.Ad-Hoc|Any CPU.ActiveCfg = Release|Any CPU
		{EB173D96-76C4-44AB-8831-DE0402A595C3}.Ad-Hoc|Any CPU.Build.0 = Release|Any CPU
		{EB173D96-76C4-44AB-8831-DE0402A595C3}.Ad-Hoc|iPhone.ActiveCfg = Release|Any CPU
		{EB173D96-76C4-44AB-8831-DE0402A595C3}.Ad-Hoc|iPhone.Build.0 = Release|Any CPU
		{EB173D96-76C4-44AB-8831-DE0402A595C3}.Ad-Hoc|iPhoneSimulator.ActiveCfg = Release|Any CPU
		{EB173D96-76C4-44AB-8831-DE0402A595C3}.Ad-Hoc|iPhoneSimulator.Build.0 = Release|Any CPU
		{EB173D96-76C4-44AB-8831-DE0402A595C3}.AppStore|Any CPU.ActiveCfg = Release|Any CPU
		{EB173D96-76C4-44AB-8831-DE0402A595C3}.AppStore|Any CPU.Build.0 = Release|Any CPU
		{EB173D96-76C4-44AB-8831-DE0402A595C3}.AppStore|iPhone.ActiveCfg = Release|Any CPU
		{EB173D96-76C4-44AB-8831-DE0402A595C3}.AppStore|iPhone.Build.0 = Release|Any CPU
		{EB173D96-76C4-44AB-8831-DE0402A595C3}.AppStore|iPhoneSimulator.ActiveCfg = Release|Any CPU
		{EB173D96-76C4-44AB-8831-DE0402A595C3}.AppStore|iPhoneSimulator.Build.0 = Release|Any CPU
		{EB173D96-76C4-44AB-8831-DE0402A595C3}.Debug|Any CPU.ActiveCfg = Debug|Any CPU
		{EB173D96-76C4-44AB-8831-DE0402A595C3}.Debug|Any CPU.Build.0 = Debug|Any CPU
		{EB173D96-76C4-44AB-8831-DE0402A595C3}.Debug|iPhone.ActiveCfg = Debug|Any CPU
		{EB173D96-76C4-44AB-8831-DE0402A595C3}.Debug|iPhone.Build.0 = Debug|Any CPU
		{EB173D96-76C4-44AB-8831-DE0402A595C3}.Debug|iPhoneSimulator.ActiveCfg = Debug|Any CPU
		{EB173D96-76C4-44AB-8831-DE0402A595C3}.Debug|iPhoneSimulator.Build.0 = Debug|Any CPU
		{EB173D96-76C4-44AB-8831-DE0402A595C3}.Release|Any CPU.ActiveCfg = Release|Any CPU
		{EB173D96-76C4-44AB-8831-DE0402A595C3}.Release|Any CPU.Build.0 = Release|Any CPU
		{EB173D96-76C4-44AB-8831-DE0402A595C3}.Release|iPhone.ActiveCfg = Release|Any CPU
		{EB173D96-76C4-44AB-8831-DE0402A595C3}.Release|iPhone.Build.0 = Release|Any CPU
		{EB173D96-76C4-44AB-8831-DE0402A595C3}.Release|iPhoneSimulator.ActiveCfg = Release|Any CPU
		{EB173D96-76C4-44AB-8831-DE0402A595C3}.Release|iPhoneSimulator.Build.0 = Release|Any CPU
		{0E453AC0-2F12-422C-90CD-CE25C0C4E633}.Ad-Hoc|Any CPU.ActiveCfg = Ad-Hoc|iPhone
		{0E453AC0-2F12-422C-90CD-CE25C0C4E633}.Ad-Hoc|iPhone.ActiveCfg = Ad-Hoc|iPhone
		{0E453AC0-2F12-422C-90CD-CE25C0C4E633}.Ad-Hoc|iPhone.Build.0 = Ad-Hoc|iPhone
		{0E453AC0-2F12-422C-90CD-CE25C0C4E633}.Ad-Hoc|iPhoneSimulator.ActiveCfg = Ad-Hoc|iPhoneSimulator
		{0E453AC0-2F12-422C-90CD-CE25C0C4E633}.Ad-Hoc|iPhoneSimulator.Build.0 = Ad-Hoc|iPhoneSimulator
		{0E453AC0-2F12-422C-90CD-CE25C0C4E633}.AppStore|Any CPU.ActiveCfg = AppStore|iPhone
		{0E453AC0-2F12-422C-90CD-CE25C0C4E633}.AppStore|iPhone.ActiveCfg = AppStore|iPhone
		{0E453AC0-2F12-422C-90CD-CE25C0C4E633}.AppStore|iPhone.Build.0 = AppStore|iPhone
		{0E453AC0-2F12-422C-90CD-CE25C0C4E633}.AppStore|iPhoneSimulator.ActiveCfg = AppStore|iPhoneSimulator
		{0E453AC0-2F12-422C-90CD-CE25C0C4E633}.AppStore|iPhoneSimulator.Build.0 = AppStore|iPhoneSimulator
		{0E453AC0-2F12-422C-90CD-CE25C0C4E633}.Debug|Any CPU.ActiveCfg = Debug|iPhone
		{0E453AC0-2F12-422C-90CD-CE25C0C4E633}.Debug|iPhone.ActiveCfg = Debug|iPhone
		{0E453AC0-2F12-422C-90CD-CE25C0C4E633}.Debug|iPhone.Build.0 = Debug|iPhone
		{0E453AC0-2F12-422C-90CD-CE25C0C4E633}.Debug|iPhoneSimulator.ActiveCfg = Debug|iPhoneSimulator
		{0E453AC0-2F12-422C-90CD-CE25C0C4E633}.Debug|iPhoneSimulator.Build.0 = Debug|iPhoneSimulator
		{0E453AC0-2F12-422C-90CD-CE25C0C4E633}.Release|Any CPU.ActiveCfg = Release|iPhone
		{0E453AC0-2F12-422C-90CD-CE25C0C4E633}.Release|iPhone.ActiveCfg = Release|iPhone
		{0E453AC0-2F12-422C-90CD-CE25C0C4E633}.Release|iPhone.Build.0 = Release|iPhone
		{0E453AC0-2F12-422C-90CD-CE25C0C4E633}.Release|iPhoneSimulator.ActiveCfg = Release|iPhoneSimulator
		{0E453AC0-2F12-422C-90CD-CE25C0C4E633}.Release|iPhoneSimulator.Build.0 = Release|iPhoneSimulator
	EndGlobalSection
	GlobalSection(SolutionProperties) = preSolution
		HideSolutionNode = FALSE
	EndGlobalSection
EndGlobal
